// !$*UTF8*$!
{
	archiveVersion = 1;
	classes = {
	};
	objectVersion = 55;
	objects = {

/* Begin PBXBuildFile section */
		EC81999B28B4626400FD5791 /* AppDelegate.swift in Sources */ = {isa = PBXBuildFile; fileRef = EC81999A28B4626400FD5791 /* AppDelegate.swift */; };
		EC81999D28B4626400FD5791 /* SceneDelegate.swift in Sources */ = {isa = PBXBuildFile; fileRef = EC81999C28B4626400FD5791 /* SceneDelegate.swift */; };
		EC8199A228B4626400FD5791 /* Main.storyboard in Resources */ = {isa = PBXBuildFile; fileRef = EC8199A028B4626400FD5791 /* Main.storyboard */; };
		EC8199A528B4626400FD5791 /* TestCeiba.xcdatamodeld in Sources */ = {isa = PBXBuildFile; fileRef = EC8199A328B4626400FD5791 /* TestCeiba.xcdatamodeld */; };
		EC8199A728B4626500FD5791 /* Assets.xcassets in Resources */ = {isa = PBXBuildFile; fileRef = EC8199A628B4626500FD5791 /* Assets.xcassets */; };
		EC8199AA28B4626500FD5791 /* LaunchScreen.storyboard in Resources */ = {isa = PBXBuildFile; fileRef = EC8199A828B4626500FD5791 /* LaunchScreen.storyboard */; };
		EC8199C028B47F2200FD5791 /* Alamofire in Frameworks */ = {isa = PBXBuildFile; productRef = EC8199BF28B47F2200FD5791 /* Alamofire */; };
		EC8199D128B5160200FD5791 /* ObjectMapper in Frameworks */ = {isa = PBXBuildFile; productRef = EC8199D028B5160200FD5791 /* ObjectMapper */; };
		EC8199D428B5161B00FD5791 /* Router.swift in Sources */ = {isa = PBXBuildFile; fileRef = EC8199D328B5161B00FD5791 /* Router.swift */; };
		EC8199D728B5163500FD5791 /* APIQuery.swift in Sources */ = {isa = PBXBuildFile; fileRef = EC8199D628B5163500FD5791 /* APIQuery.swift */; };
		EC8199DA28B5164800FD5791 /* RequestHeaders.swift in Sources */ = {isa = PBXBuildFile; fileRef = EC8199D928B5164800FD5791 /* RequestHeaders.swift */; };
		EC8199DD28B5165B00FD5791 /* APIError.swift in Sources */ = {isa = PBXBuildFile; fileRef = EC8199DC28B5165B00FD5791 /* APIError.swift */; };
		EC8199E028B5166E00FD5791 /* APIConfig.swift in Sources */ = {isa = PBXBuildFile; fileRef = EC8199DF28B5166E00FD5791 /* APIConfig.swift */; };
		EC8199E328B5168000FD5791 /* APICachePolicy.swift in Sources */ = {isa = PBXBuildFile; fileRef = EC8199E228B5168000FD5791 /* APICachePolicy.swift */; };
		EC8199E828B5180200FD5791 /* User.swift in Sources */ = {isa = PBXBuildFile; fileRef = EC8199E728B5180200FD5791 /* User.swift */; };
		EC8199EA28B5196300FD5791 /* UserStore.swift in Sources */ = {isa = PBXBuildFile; fileRef = EC8199E928B5196300FD5791 /* UserStore.swift */; };
		EC8199EC28B5197700FD5791 /* UserRoute.swift in Sources */ = {isa = PBXBuildFile; fileRef = EC8199EB28B5197700FD5791 /* UserRoute.swift */; };
		EC8199F328B52E5400FD5791 /* ColorScheme.swift in Sources */ = {isa = PBXBuildFile; fileRef = EC8199F228B52E5400FD5791 /* ColorScheme.swift */; };
		EC8199F628B5318F00FD5791 /* BaseViewController.swift in Sources */ = {isa = PBXBuildFile; fileRef = EC8199F528B5318F00FD5791 /* BaseViewController.swift */; };
		EC8199F928B532CE00FD5791 /* Lottie in Frameworks */ = {isa = PBXBuildFile; productRef = EC8199F828B532CE00FD5791 /* Lottie */; };
		ECAECE0728B53738008E7419 /* ViewLayout.swift in Sources */ = {isa = PBXBuildFile; fileRef = ECAECE0628B53738008E7419 /* ViewLayout.swift */; };
		ECAECE0928B538A7008E7419 /* KeyboardAwareConstraint.swift in Sources */ = {isa = PBXBuildFile; fileRef = ECAECE0828B538A7008E7419 /* KeyboardAwareConstraint.swift */; };
		ECAECE0B28B539FB008E7419 /* loading.json in Resources */ = {isa = PBXBuildFile; fileRef = ECAECE0A28B539FB008E7419 /* loading.json */; };
		ECAECE0F28B57C46008E7419 /* Post.swift in Sources */ = {isa = PBXBuildFile; fileRef = ECAECE0E28B57C46008E7419 /* Post.swift */; };
		ECAECE1228B57CCE008E7419 /* PostStore.swift in Sources */ = {isa = PBXBuildFile; fileRef = ECAECE1128B57CCE008E7419 /* PostStore.swift */; };
		ECAECE1428B57CDC008E7419 /* PostRouter.swift in Sources */ = {isa = PBXBuildFile; fileRef = ECAECE1328B57CDC008E7419 /* PostRouter.swift */; };
		ECAECE1728B580A7008E7419 /* PostViewController.swift in Sources */ = {isa = PBXBuildFile; fileRef = ECAECE1628B580A7008E7419 /* PostViewController.swift */; };
		ECAECE1928B580B3008E7419 /* PostController.swift in Sources */ = {isa = PBXBuildFile; fileRef = ECAECE1828B580B3008E7419 /* PostController.swift */; };
		ECAECE1C28B580C9008E7419 /* PostDatasource.swift in Sources */ = {isa = PBXBuildFile; fileRef = ECAECE1B28B580C9008E7419 /* PostDatasource.swift */; };
		ECAECE1F28B580DA008E7419 /* PostTableViewCell.swift in Sources */ = {isa = PBXBuildFile; fileRef = ECAECE1E28B580DA008E7419 /* PostTableViewCell.swift */; };
		ECAECE3228B5C01F008E7419 /* UserController.swift in Sources */ = {isa = PBXBuildFile; fileRef = ECAECE3028B5C01F008E7419 /* UserController.swift */; };
		ECAECE3328B5C01F008E7419 /* UserViewController.swift in Sources */ = {isa = PBXBuildFile; fileRef = ECAECE3128B5C01F008E7419 /* UserViewController.swift */; };
		ECAECE3628B5C02E008E7419 /* UserDatasource.swift in Sources */ = {isa = PBXBuildFile; fileRef = ECAECE3528B5C02E008E7419 /* UserDatasource.swift */; };
		ECAECE3928B5C042008E7419 /* UserTableViewCell.swift in Sources */ = {isa = PBXBuildFile; fileRef = ECAECE3828B5C042008E7419 /* UserTableViewCell.swift */; };
		ECAECE3D28B5C07D008E7419 /* UIView.swift in Sources */ = {isa = PBXBuildFile; fileRef = ECAECE3C28B5C07D008E7419 /* UIView.swift */; };
/* End PBXBuildFile section */

/* Begin PBXFileReference section */
		EC81999728B4626400FD5791 /* TestCeiba.app */ = {isa = PBXFileReference; explicitFileType = wrapper.application; includeInIndex = 0; path = TestCeiba.app; sourceTree = BUILT_PRODUCTS_DIR; };
		EC81999A28B4626400FD5791 /* AppDelegate.swift */ = {isa = PBXFileReference; lastKnownFileType = sourcecode.swift; path = AppDelegate.swift; sourceTree = "<group>"; };
		EC81999C28B4626400FD5791 /* SceneDelegate.swift */ = {isa = PBXFileReference; lastKnownFileType = sourcecode.swift; path = SceneDelegate.swift; sourceTree = "<group>"; };
		EC8199A128B4626400FD5791 /* Base */ = {isa = PBXFileReference; lastKnownFileType = file.storyboard; name = Base; path = Base.lproj/Main.storyboard; sourceTree = "<group>"; };
		EC8199A428B4626400FD5791 /* TestCeiba.xcdatamodel */ = {isa = PBXFileReference; lastKnownFileType = wrapper.xcdatamodel; path = TestCeiba.xcdatamodel; sourceTree = "<group>"; };
		EC8199A628B4626500FD5791 /* Assets.xcassets */ = {isa = PBXFileReference; lastKnownFileType = folder.assetcatalog; path = Assets.xcassets; sourceTree = "<group>"; };
		EC8199A928B4626500FD5791 /* Base */ = {isa = PBXFileReference; lastKnownFileType = file.storyboard; name = Base; path = Base.lproj/LaunchScreen.storyboard; sourceTree = "<group>"; };
		EC8199AB28B4626500FD5791 /* Info.plist */ = {isa = PBXFileReference; lastKnownFileType = text.plist.xml; path = Info.plist; sourceTree = "<group>"; };
		EC8199D328B5161B00FD5791 /* Router.swift */ = {isa = PBXFileReference; fileEncoding = 4; lastKnownFileType = sourcecode.swift; path = Router.swift; sourceTree = "<group>"; };
		EC8199D628B5163500FD5791 /* APIQuery.swift */ = {isa = PBXFileReference; fileEncoding = 4; lastKnownFileType = sourcecode.swift; path = APIQuery.swift; sourceTree = "<group>"; };
		EC8199D928B5164800FD5791 /* RequestHeaders.swift */ = {isa = PBXFileReference; fileEncoding = 4; lastKnownFileType = sourcecode.swift; path = RequestHeaders.swift; sourceTree = "<group>"; };
		EC8199DC28B5165B00FD5791 /* APIError.swift */ = {isa = PBXFileReference; fileEncoding = 4; lastKnownFileType = sourcecode.swift; path = APIError.swift; sourceTree = "<group>"; };
		EC8199DF28B5166E00FD5791 /* APIConfig.swift */ = {isa = PBXFileReference; fileEncoding = 4; lastKnownFileType = sourcecode.swift; path = APIConfig.swift; sourceTree = "<group>"; };
		EC8199E228B5168000FD5791 /* APICachePolicy.swift */ = {isa = PBXFileReference; fileEncoding = 4; lastKnownFileType = sourcecode.swift; path = APICachePolicy.swift; sourceTree = "<group>"; };
		EC8199E728B5180200FD5791 /* User.swift */ = {isa = PBXFileReference; lastKnownFileType = sourcecode.swift; path = User.swift; sourceTree = "<group>"; };
		EC8199E928B5196300FD5791 /* UserStore.swift */ = {isa = PBXFileReference; lastKnownFileType = sourcecode.swift; path = UserStore.swift; sourceTree = "<group>"; };
		EC8199EB28B5197700FD5791 /* UserRoute.swift */ = {isa = PBXFileReference; lastKnownFileType = sourcecode.swift; path = UserRoute.swift; sourceTree = "<group>"; };
		EC8199F228B52E5400FD5791 /* ColorScheme.swift */ = {isa = PBXFileReference; lastKnownFileType = sourcecode.swift; path = ColorScheme.swift; sourceTree = "<group>"; };
		EC8199F528B5318F00FD5791 /* BaseViewController.swift */ = {isa = PBXFileReference; lastKnownFileType = sourcecode.swift; path = BaseViewController.swift; sourceTree = "<group>"; };
		ECAECE0628B53738008E7419 /* ViewLayout.swift */ = {isa = PBXFileReference; lastKnownFileType = sourcecode.swift; path = ViewLayout.swift; sourceTree = "<group>"; };
		ECAECE0828B538A7008E7419 /* KeyboardAwareConstraint.swift */ = {isa = PBXFileReference; lastKnownFileType = sourcecode.swift; path = KeyboardAwareConstraint.swift; sourceTree = "<group>"; };
		ECAECE0A28B539FB008E7419 /* loading.json */ = {isa = PBXFileReference; fileEncoding = 4; lastKnownFileType = text.json; path = loading.json; sourceTree = "<group>"; };
		ECAECE0E28B57C46008E7419 /* Post.swift */ = {isa = PBXFileReference; lastKnownFileType = sourcecode.swift; path = Post.swift; sourceTree = "<group>"; };
		ECAECE1128B57CCE008E7419 /* PostStore.swift */ = {isa = PBXFileReference; lastKnownFileType = sourcecode.swift; path = PostStore.swift; sourceTree = "<group>"; };
		ECAECE1328B57CDC008E7419 /* PostRouter.swift */ = {isa = PBXFileReference; lastKnownFileType = sourcecode.swift; path = PostRouter.swift; sourceTree = "<group>"; };
		ECAECE1628B580A7008E7419 /* PostViewController.swift */ = {isa = PBXFileReference; lastKnownFileType = sourcecode.swift; path = PostViewController.swift; sourceTree = "<group>"; };
		ECAECE1828B580B3008E7419 /* PostController.swift */ = {isa = PBXFileReference; lastKnownFileType = sourcecode.swift; path = PostController.swift; sourceTree = "<group>"; };
		ECAECE1B28B580C9008E7419 /* PostDatasource.swift */ = {isa = PBXFileReference; lastKnownFileType = sourcecode.swift; path = PostDatasource.swift; sourceTree = "<group>"; };
		ECAECE1E28B580DA008E7419 /* PostTableViewCell.swift */ = {isa = PBXFileReference; lastKnownFileType = sourcecode.swift; path = PostTableViewCell.swift; sourceTree = "<group>"; };
		ECAECE3028B5C01F008E7419 /* UserController.swift */ = {isa = PBXFileReference; fileEncoding = 4; lastKnownFileType = sourcecode.swift; path = UserController.swift; sourceTree = "<group>"; };
		ECAECE3128B5C01F008E7419 /* UserViewController.swift */ = {isa = PBXFileReference; fileEncoding = 4; lastKnownFileType = sourcecode.swift; path = UserViewController.swift; sourceTree = "<group>"; };
		ECAECE3528B5C02E008E7419 /* UserDatasource.swift */ = {isa = PBXFileReference; fileEncoding = 4; lastKnownFileType = sourcecode.swift; path = UserDatasource.swift; sourceTree = "<group>"; };
		ECAECE3828B5C042008E7419 /* UserTableViewCell.swift */ = {isa = PBXFileReference; fileEncoding = 4; lastKnownFileType = sourcecode.swift; path = UserTableViewCell.swift; sourceTree = "<group>"; };
		ECAECE3C28B5C07D008E7419 /* UIView.swift */ = {isa = PBXFileReference; lastKnownFileType = sourcecode.swift; path = UIView.swift; sourceTree = "<group>"; };
/* End PBXFileReference section */

/* Begin PBXFrameworksBuildPhase section */
		EC81999428B4626400FD5791 /* Frameworks */ = {
			isa = PBXFrameworksBuildPhase;
			buildActionMask = 2147483647;
			files = (
				EC8199D128B5160200FD5791 /* ObjectMapper in Frameworks */,
				EC8199C028B47F2200FD5791 /* Alamofire in Frameworks */,
				EC8199F928B532CE00FD5791 /* Lottie in Frameworks */,
			);
			runOnlyForDeploymentPostprocessing = 0;
		};
/* End PBXFrameworksBuildPhase section */

/* Begin PBXGroup section */
		EC81998E28B4626400FD5791 = {
			isa = PBXGroup;
			children = (
				EC81999928B4626400FD5791 /* TestCeiba */,
				EC81999828B4626400FD5791 /* Products */,
			);
			sourceTree = "<group>";
		};
		EC81999828B4626400FD5791 /* Products */ = {
			isa = PBXGroup;
			children = (
				EC81999728B4626400FD5791 /* TestCeiba.app */,
			);
			name = Products;
			sourceTree = "<group>";
		};
		EC81999928B4626400FD5791 /* TestCeiba */ = {
			isa = PBXGroup;
			children = (
				EC8199B128B46E7B00FD5791 /* Launch */,
				EC8199B228B46E9F00FD5791 /* Application */,
				ECAECE0D28B53A12008E7419 /* Resources */,
				EC8199AB28B4626500FD5791 /* Info.plist */,
				EC8199A328B4626400FD5791 /* TestCeiba.xcdatamodeld */,
			);
			path = TestCeiba;
			sourceTree = "<group>";
		};
		EC8199B128B46E7B00FD5791 /* Launch */ = {
			isa = PBXGroup;
			children = (
				EC81999A28B4626400FD5791 /* AppDelegate.swift */,
				EC81999C28B4626400FD5791 /* SceneDelegate.swift */,
				EC8199A828B4626500FD5791 /* LaunchScreen.storyboard */,
			);
			path = Launch;
			sourceTree = "<group>";
		};
		EC8199B228B46E9F00FD5791 /* Application */ = {
			isa = PBXGroup;
			children = (
				EC8199E528B517E400FD5791 /* Model */,
				EC8199C228B481E200FD5791 /* Store */,
				EC8199C128B481D800FD5791 /* Base */,
				EC8199B328B46EA700FD5791 /* Viewcontrollers */,
			);
			path = Application;
			sourceTree = "<group>";
		};
		EC8199B328B46EA700FD5791 /* Viewcontrollers */ = {
			isa = PBXGroup;
			children = (
				ECAECE2F28B5C011008E7419 /* User */,
				EC8199B528B46EC900FD5791 /* Posts */,
				EC8199A028B4626400FD5791 /* Main.storyboard */,
			);
			path = Viewcontrollers;
			sourceTree = "<group>";
		};
		EC8199B528B46EC900FD5791 /* Posts */ = {
			isa = PBXGroup;
			children = (
				ECAECE1A28B580B8008E7419 /* TablewView */,
				ECAECE1628B580A7008E7419 /* PostViewController.swift */,
				ECAECE1828B580B3008E7419 /* PostController.swift */,
			);
			path = Posts;
			sourceTree = "<group>";
		};
		EC8199C128B481D800FD5791 /* Base */ = {
			isa = PBXGroup;
			children = (
				ECAECE3B28B5C06B008E7419 /* View */,
				ECAECE0528B53720008E7419 /* Layout */,
				EC8199F428B5317D00FD5791 /* ViewController */,
				EC8199F128B52E4000FD5791 /* Styles */,
				EC8199C328B481F000FD5791 /* Api */,
			);
			path = Base;
			sourceTree = "<group>";
		};
		EC8199C228B481E200FD5791 /* Store */ = {
			isa = PBXGroup;
			children = (
				EC8199E428B5176100FD5791 /* User */,
				ECAECE1028B57CBF008E7419 /* Post */,
			);
			path = Store;
			sourceTree = "<group>";
		};
		EC8199C328B481F000FD5791 /* Api */ = {
			isa = PBXGroup;
			children = (
				EC8199E128B5167800FD5791 /* Cache */,
				EC8199DE28B5166300FD5791 /* Config */,
				EC8199DB28B5165500FD5791 /* Error */,
				EC8199D828B5164100FD5791 /* Extensions */,
				EC8199D528B5162E00FD5791 /* Query */,
				EC8199D228B5161300FD5791 /* Router */,
			);
			path = Api;
			sourceTree = "<group>";
		};
		EC8199D228B5161300FD5791 /* Router */ = {
			isa = PBXGroup;
			children = (
				EC8199D328B5161B00FD5791 /* Router.swift */,
			);
			path = Router;
			sourceTree = "<group>";
		};
		EC8199D528B5162E00FD5791 /* Query */ = {
			isa = PBXGroup;
			children = (
				EC8199D628B5163500FD5791 /* APIQuery.swift */,
			);
			path = Query;
			sourceTree = "<group>";
		};
		EC8199D828B5164100FD5791 /* Extensions */ = {
			isa = PBXGroup;
			children = (
				EC8199D928B5164800FD5791 /* RequestHeaders.swift */,
			);
			path = Extensions;
			sourceTree = "<group>";
		};
		EC8199DB28B5165500FD5791 /* Error */ = {
			isa = PBXGroup;
			children = (
				EC8199DC28B5165B00FD5791 /* APIError.swift */,
			);
			path = Error;
			sourceTree = "<group>";
		};
		EC8199DE28B5166300FD5791 /* Config */ = {
			isa = PBXGroup;
			children = (
				EC8199DF28B5166E00FD5791 /* APIConfig.swift */,
			);
			path = Config;
			sourceTree = "<group>";
		};
		EC8199E128B5167800FD5791 /* Cache */ = {
			isa = PBXGroup;
			children = (
				EC8199E228B5168000FD5791 /* APICachePolicy.swift */,
			);
			path = Cache;
			sourceTree = "<group>";
		};
		EC8199E428B5176100FD5791 /* User */ = {
			isa = PBXGroup;
			children = (
				EC8199EB28B5197700FD5791 /* UserRoute.swift */,
				EC8199E928B5196300FD5791 /* UserStore.swift */,
			);
			path = User;
			sourceTree = "<group>";
		};
		EC8199E528B517E400FD5791 /* Model */ = {
			isa = PBXGroup;
			children = (
				EC8199E728B5180200FD5791 /* User.swift */,
				ECAECE0E28B57C46008E7419 /* Post.swift */,
			);
			path = Model;
			sourceTree = "<group>";
		};
		EC8199F128B52E4000FD5791 /* Styles */ = {
			isa = PBXGroup;
			children = (
				EC8199F228B52E5400FD5791 /* ColorScheme.swift */,
			);
			path = Styles;
			sourceTree = "<group>";
		};
		EC8199F428B5317D00FD5791 /* ViewController */ = {
			isa = PBXGroup;
			children = (
				EC8199F528B5318F00FD5791 /* BaseViewController.swift */,
			);
			path = ViewController;
			sourceTree = "<group>";
		};
		ECAECE0528B53720008E7419 /* Layout */ = {
			isa = PBXGroup;
			children = (
				ECAECE0628B53738008E7419 /* ViewLayout.swift */,
				ECAECE0828B538A7008E7419 /* KeyboardAwareConstraint.swift */,
			);
			path = Layout;
			sourceTree = "<group>";
		};
		ECAECE0D28B53A12008E7419 /* Resources */ = {
			isa = PBXGroup;
			children = (
				EC8199A628B4626500FD5791 /* Assets.xcassets */,
				ECAECE0A28B539FB008E7419 /* loading.json */,
			);
			path = Resources;
			sourceTree = "<group>";
		};
		ECAECE1028B57CBF008E7419 /* Post */ = {
			isa = PBXGroup;
			children = (
				ECAECE1328B57CDC008E7419 /* PostRouter.swift */,
				ECAECE1128B57CCE008E7419 /* PostStore.swift */,
			);
			path = Post;
			sourceTree = "<group>";
		};
		ECAECE1A28B580B8008E7419 /* TablewView */ = {
			isa = PBXGroup;
			children = (
				ECAECE1D28B580CD008E7419 /* Cell */,
				ECAECE1B28B580C9008E7419 /* PostDatasource.swift */,
			);
			path = TablewView;
			sourceTree = "<group>";
		};
		ECAECE1D28B580CD008E7419 /* Cell */ = {
			isa = PBXGroup;
			children = (
				ECAECE1E28B580DA008E7419 /* PostTableViewCell.swift */,
			);
			path = Cell;
			sourceTree = "<group>";
		};
		ECAECE2F28B5C011008E7419 /* User */ = {
			isa = PBXGroup;
			children = (
				ECAECE3428B5C022008E7419 /* TableView */,
				ECAECE3128B5C01F008E7419 /* UserViewController.swift */,
				ECAECE3028B5C01F008E7419 /* UserController.swift */,
			);
			path = User;
			sourceTree = "<group>";
		};
		ECAECE3428B5C022008E7419 /* TableView */ = {
			isa = PBXGroup;
			children = (
				ECAECE3728B5C032008E7419 /* Cell */,
				ECAECE3528B5C02E008E7419 /* UserDatasource.swift */,
			);
			path = TableView;
			sourceTree = "<group>";
		};
		ECAECE3728B5C032008E7419 /* Cell */ = {
			isa = PBXGroup;
			children = (
				ECAECE3828B5C042008E7419 /* UserTableViewCell.swift */,
			);
			path = Cell;
			sourceTree = "<group>";
		};
		ECAECE3B28B5C06B008E7419 /* View */ = {
			isa = PBXGroup;
			children = (
				ECAECE3C28B5C07D008E7419 /* UIView.swift */,
			);
			path = View;
			sourceTree = "<group>";
		};
/* End PBXGroup section */

/* Begin PBXNativeTarget section */
		EC81999628B4626400FD5791 /* TestCeiba */ = {
			isa = PBXNativeTarget;
			buildConfigurationList = EC8199AE28B4626500FD5791 /* Build configuration list for PBXNativeTarget "TestCeiba" */;
			buildPhases = (
				EC81999328B4626400FD5791 /* Sources */,
				EC81999428B4626400FD5791 /* Frameworks */,
				EC81999528B4626400FD5791 /* Resources */,
			);
			buildRules = (
			);
			dependencies = (
			);
			name = TestCeiba;
			packageProductDependencies = (
				EC8199BF28B47F2200FD5791 /* Alamofire */,
				EC8199D028B5160200FD5791 /* ObjectMapper */,
				EC8199F828B532CE00FD5791 /* Lottie */,
			);
			productName = TestCeiba;
			productReference = EC81999728B4626400FD5791 /* TestCeiba.app */;
			productType = "com.apple.product-type.application";
		};
/* End PBXNativeTarget section */

/* Begin PBXProject section */
		EC81998F28B4626400FD5791 /* Project object */ = {
			isa = PBXProject;
			attributes = {
				BuildIndependentTargetsInParallel = 1;
				LastSwiftUpdateCheck = 1340;
				LastUpgradeCheck = 1340;
				TargetAttributes = {
					EC81999628B4626400FD5791 = {
						CreatedOnToolsVersion = 13.4.1;
					};
				};
			};
			buildConfigurationList = EC81999228B4626400FD5791 /* Build configuration list for PBXProject "TestCeiba" */;
			compatibilityVersion = "Xcode 13.0";
			developmentRegion = en;
			hasScannedForEncodings = 0;
			knownRegions = (
				en,
				Base,
			);
			mainGroup = EC81998E28B4626400FD5791;
			packageReferences = (
				EC8199BE28B47F2200FD5791 /* XCRemoteSwiftPackageReference "Alamofire" */,
				EC8199CF28B5160200FD5791 /* XCRemoteSwiftPackageReference "ObjectMapper" */,
				EC8199F728B532CE00FD5791 /* XCRemoteSwiftPackageReference "lottie-ios" */,
			);
			productRefGroup = EC81999828B4626400FD5791 /* Products */;
			projectDirPath = "";
			projectRoot = "";
			targets = (
				EC81999628B4626400FD5791 /* TestCeiba */,
			);
		};
/* End PBXProject section */

/* Begin PBXResourcesBuildPhase section */
		EC81999528B4626400FD5791 /* Resources */ = {
			isa = PBXResourcesBuildPhase;
			buildActionMask = 2147483647;
			files = (
				EC8199AA28B4626500FD5791 /* LaunchScreen.storyboard in Resources */,
				EC8199A728B4626500FD5791 /* Assets.xcassets in Resources */,
				ECAECE0B28B539FB008E7419 /* loading.json in Resources */,
				EC8199A228B4626400FD5791 /* Main.storyboard in Resources */,
			);
			runOnlyForDeploymentPostprocessing = 0;
		};
/* End PBXResourcesBuildPhase section */

/* Begin PBXSourcesBuildPhase section */
		EC81999328B4626400FD5791 /* Sources */ = {
			isa = PBXSourcesBuildPhase;
			buildActionMask = 2147483647;
			files = (
				ECAECE3D28B5C07D008E7419 /* UIView.swift in Sources */,
				ECAECE1928B580B3008E7419 /* PostController.swift in Sources */,
				ECAECE1728B580A7008E7419 /* PostViewController.swift in Sources */,
				ECAECE1C28B580C9008E7419 /* PostDatasource.swift in Sources */,
				EC8199EC28B5197700FD5791 /* UserRoute.swift in Sources */,
				EC8199DA28B5164800FD5791 /* RequestHeaders.swift in Sources */,
				ECAECE1F28B580DA008E7419 /* PostTableViewCell.swift in Sources */,
				ECAECE0928B538A7008E7419 /* KeyboardAwareConstraint.swift in Sources */,
				EC8199D428B5161B00FD5791 /* Router.swift in Sources */,
				EC8199D728B5163500FD5791 /* APIQuery.swift in Sources */,
				EC8199F628B5318F00FD5791 /* BaseViewController.swift in Sources */,
				ECAECE1228B57CCE008E7419 /* PostStore.swift in Sources */,
				EC81999B28B4626400FD5791 /* AppDelegate.swift in Sources */,
				ECAECE3628B5C02E008E7419 /* UserDatasource.swift in Sources */,
				ECAECE3928B5C042008E7419 /* UserTableViewCell.swift in Sources */,
				EC8199E828B5180200FD5791 /* User.swift in Sources */,
				EC8199A528B4626400FD5791 /* TestCeiba.xcdatamodeld in Sources */,
				ECAECE0F28B57C46008E7419 /* Post.swift in Sources */,
				ECAECE3228B5C01F008E7419 /* UserController.swift in Sources */,
				ECAECE3328B5C01F008E7419 /* UserViewController.swift in Sources */,
				EC8199EA28B5196300FD5791 /* UserStore.swift in Sources */,
				ECAECE1428B57CDC008E7419 /* PostRouter.swift in Sources */,
				ECAECE0728B53738008E7419 /* ViewLayout.swift in Sources */,
				EC81999D28B4626400FD5791 /* SceneDelegate.swift in Sources */,
				EC8199E328B5168000FD5791 /* APICachePolicy.swift in Sources */,
				EC8199DD28B5165B00FD5791 /* APIError.swift in Sources */,
				EC8199E028B5166E00FD5791 /* APIConfig.swift in Sources */,
				EC8199F328B52E5400FD5791 /* ColorScheme.swift in Sources */,
			);
			runOnlyForDeploymentPostprocessing = 0;
		};
/* End PBXSourcesBuildPhase section */

/* Begin PBXVariantGroup section */
		EC8199A028B4626400FD5791 /* Main.storyboard */ = {
			isa = PBXVariantGroup;
			children = (
				EC8199A128B4626400FD5791 /* Base */,
			);
			name = Main.storyboard;
			sourceTree = "<group>";
		};
		EC8199A828B4626500FD5791 /* LaunchScreen.storyboard */ = {
			isa = PBXVariantGroup;
			children = (
				EC8199A928B4626500FD5791 /* Base */,
			);
			name = LaunchScreen.storyboard;
			sourceTree = "<group>";
		};
/* End PBXVariantGroup section */

/* Begin XCBuildConfiguration section */
		EC8199AC28B4626500FD5791 /* Debug */ = {
			isa = XCBuildConfiguration;
			buildSettings = {
				ALWAYS_SEARCH_USER_PATHS = NO;
				CLANG_ANALYZER_NONNULL = YES;
				CLANG_ANALYZER_NUMBER_OBJECT_CONVERSION = YES_AGGRESSIVE;
				CLANG_CXX_LANGUAGE_STANDARD = "gnu++17";
				CLANG_ENABLE_MODULES = YES;
				CLANG_ENABLE_OBJC_ARC = YES;
				CLANG_ENABLE_OBJC_WEAK = YES;
				CLANG_WARN_BLOCK_CAPTURE_AUTORELEASING = YES;
				CLANG_WARN_BOOL_CONVERSION = YES;
				CLANG_WARN_COMMA = YES;
				CLANG_WARN_CONSTANT_CONVERSION = YES;
				CLANG_WARN_DEPRECATED_OBJC_IMPLEMENTATIONS = YES;
				CLANG_WARN_DIRECT_OBJC_ISA_USAGE = YES_ERROR;
				CLANG_WARN_DOCUMENTATION_COMMENTS = YES;
				CLANG_WARN_EMPTY_BODY = YES;
				CLANG_WARN_ENUM_CONVERSION = YES;
				CLANG_WARN_INFINITE_RECURSION = YES;
				CLANG_WARN_INT_CONVERSION = YES;
				CLANG_WARN_NON_LITERAL_NULL_CONVERSION = YES;
				CLANG_WARN_OBJC_IMPLICIT_RETAIN_SELF = YES;
				CLANG_WARN_OBJC_LITERAL_CONVERSION = YES;
				CLANG_WARN_OBJC_ROOT_CLASS = YES_ERROR;
				CLANG_WARN_QUOTED_INCLUDE_IN_FRAMEWORK_HEADER = YES;
				CLANG_WARN_RANGE_LOOP_ANALYSIS = YES;
				CLANG_WARN_STRICT_PROTOTYPES = YES;
				CLANG_WARN_SUSPICIOUS_MOVE = YES;
				CLANG_WARN_UNGUARDED_AVAILABILITY = YES_AGGRESSIVE;
				CLANG_WARN_UNREACHABLE_CODE = YES;
				CLANG_WARN__DUPLICATE_METHOD_MATCH = YES;
				COPY_PHASE_STRIP = NO;
				DEBUG_INFORMATION_FORMAT = dwarf;
				ENABLE_STRICT_OBJC_MSGSEND = YES;
				ENABLE_TESTABILITY = YES;
				GCC_C_LANGUAGE_STANDARD = gnu11;
				GCC_DYNAMIC_NO_PIC = NO;
				GCC_NO_COMMON_BLOCKS = YES;
				GCC_OPTIMIZATION_LEVEL = 0;
				GCC_PREPROCESSOR_DEFINITIONS = (
					"DEBUG=1",
					"$(inherited)",
				);
				GCC_WARN_64_TO_32_BIT_CONVERSION = YES;
				GCC_WARN_ABOUT_RETURN_TYPE = YES_ERROR;
				GCC_WARN_UNDECLARED_SELECTOR = YES;
				GCC_WARN_UNINITIALIZED_AUTOS = YES_AGGRESSIVE;
				GCC_WARN_UNUSED_FUNCTION = YES;
				GCC_WARN_UNUSED_VARIABLE = YES;
				IPHONEOS_DEPLOYMENT_TARGET = 15.5;
				MTL_ENABLE_DEBUG_INFO = INCLUDE_SOURCE;
				MTL_FAST_MATH = YES;
				ONLY_ACTIVE_ARCH = YES;
				SDKROOT = iphoneos;
				SWIFT_ACTIVE_COMPILATION_CONDITIONS = DEBUG;
				SWIFT_OPTIMIZATION_LEVEL = "-Onone";
			};
			name = Debug;
		};
		EC8199AD28B4626500FD5791 /* Release */ = {
			isa = XCBuildConfiguration;
			buildSettings = {
				ALWAYS_SEARCH_USER_PATHS = NO;
				CLANG_ANALYZER_NONNULL = YES;
				CLANG_ANALYZER_NUMBER_OBJECT_CONVERSION = YES_AGGRESSIVE;
				CLANG_CXX_LANGUAGE_STANDARD = "gnu++17";
				CLANG_ENABLE_MODULES = YES;
				CLANG_ENABLE_OBJC_ARC = YES;
				CLANG_ENABLE_OBJC_WEAK = YES;
				CLANG_WARN_BLOCK_CAPTURE_AUTORELEASING = YES;
				CLANG_WARN_BOOL_CONVERSION = YES;
				CLANG_WARN_COMMA = YES;
				CLANG_WARN_CONSTANT_CONVERSION = YES;
				CLANG_WARN_DEPRECATED_OBJC_IMPLEMENTATIONS = YES;
				CLANG_WARN_DIRECT_OBJC_ISA_USAGE = YES_ERROR;
				CLANG_WARN_DOCUMENTATION_COMMENTS = YES;
				CLANG_WARN_EMPTY_BODY = YES;
				CLANG_WARN_ENUM_CONVERSION = YES;
				CLANG_WARN_INFINITE_RECURSION = YES;
				CLANG_WARN_INT_CONVERSION = YES;
				CLANG_WARN_NON_LITERAL_NULL_CONVERSION = YES;
				CLANG_WARN_OBJC_IMPLICIT_RETAIN_SELF = YES;
				CLANG_WARN_OBJC_LITERAL_CONVERSION = YES;
				CLANG_WARN_OBJC_ROOT_CLASS = YES_ERROR;
				CLANG_WARN_QUOTED_INCLUDE_IN_FRAMEWORK_HEADER = YES;
				CLANG_WARN_RANGE_LOOP_ANALYSIS = YES;
				CLANG_WARN_STRICT_PROTOTYPES = YES;
				CLANG_WARN_SUSPICIOUS_MOVE = YES;
				CLANG_WARN_UNGUARDED_AVAILABILITY = YES_AGGRESSIVE;
				CLANG_WARN_UNREACHABLE_CODE = YES;
				CLANG_WARN__DUPLICATE_METHOD_MATCH = YES;
				COPY_PHASE_STRIP = NO;
				DEBUG_INFORMATION_FORMAT = "dwarf-with-dsym";
				ENABLE_NS_ASSERTIONS = NO;
				ENABLE_STRICT_OBJC_MSGSEND = YES;
				GCC_C_LANGUAGE_STANDARD = gnu11;
				GCC_NO_COMMON_BLOCKS = YES;
				GCC_WARN_64_TO_32_BIT_CONVERSION = YES;
				GCC_WARN_ABOUT_RETURN_TYPE = YES_ERROR;
				GCC_WARN_UNDECLARED_SELECTOR = YES;
				GCC_WARN_UNINITIALIZED_AUTOS = YES_AGGRESSIVE;
				GCC_WARN_UNUSED_FUNCTION = YES;
				GCC_WARN_UNUSED_VARIABLE = YES;
				IPHONEOS_DEPLOYMENT_TARGET = 15.5;
				MTL_ENABLE_DEBUG_INFO = NO;
				MTL_FAST_MATH = YES;
				SDKROOT = iphoneos;
				SWIFT_COMPILATION_MODE = wholemodule;
				SWIFT_OPTIMIZATION_LEVEL = "-O";
				VALIDATE_PRODUCT = YES;
			};
			name = Release;
		};
		EC8199AF28B4626500FD5791 /* Debug */ = {
			isa = XCBuildConfiguration;
			buildSettings = {
				ASSETCATALOG_COMPILER_APPICON_NAME = AppIcon;
				ASSETCATALOG_COMPILER_GLOBAL_ACCENT_COLOR_NAME = AccentColor;
				CODE_SIGN_STYLE = Manual;
				CURRENT_PROJECT_VERSION = 1;
				DEVELOPMENT_TEAM = "";
				GENERATE_INFOPLIST_FILE = YES;
				INFOPLIST_FILE = TestCeiba/Info.plist;
				INFOPLIST_KEY_UIApplicationSupportsIndirectInputEvents = YES;
				INFOPLIST_KEY_UILaunchStoryboardName = LaunchScreen;
				INFOPLIST_KEY_UIMainStoryboardFile = Main;
				INFOPLIST_KEY_UISupportedInterfaceOrientations_iPad = "UIInterfaceOrientationPortrait UIInterfaceOrientationPortraitUpsideDown UIInterfaceOrientationLandscapeLeft UIInterfaceOrientationLandscapeRight";
				INFOPLIST_KEY_UISupportedInterfaceOrientations_iPhone = "UIInterfaceOrientationPortrait UIInterfaceOrientationLandscapeLeft UIInterfaceOrientationLandscapeRight";
				LD_RUNPATH_SEARCH_PATHS = (
					"$(inherited)",
					"@executable_path/Frameworks",
				);
				MARKETING_VERSION = 1.0;
				PRODUCT_BUNDLE_IDENTIFIER = com.Ceiba.TestCeiba;
				PRODUCT_NAME = "$(TARGET_NAME)";
				PROVISIONING_PROFILE_SPECIFIER = "";
				SWIFT_EMIT_LOC_STRINGS = YES;
				SWIFT_VERSION = 5.0;
				TARGETED_DEVICE_FAMILY = "1,2";
			};
			name = Debug;
		};
		EC8199B028B4626500FD5791 /* Release */ = {
			isa = XCBuildConfiguration;
			buildSettings = {
				ASSETCATALOG_COMPILER_APPICON_NAME = AppIcon;
				ASSETCATALOG_COMPILER_GLOBAL_ACCENT_COLOR_NAME = AccentColor;
				CODE_SIGN_IDENTITY = "Apple Development";
				CODE_SIGN_STYLE = Automatic;
				CURRENT_PROJECT_VERSION = 1;
				DEVELOPMENT_TEAM = 5MRQMG4R3J;
				GENERATE_INFOPLIST_FILE = YES;
				INFOPLIST_FILE = TestCeiba/Info.plist;
				INFOPLIST_KEY_UIApplicationSupportsIndirectInputEvents = YES;
				INFOPLIST_KEY_UILaunchStoryboardName = LaunchScreen;
				INFOPLIST_KEY_UIMainStoryboardFile = Main;
				INFOPLIST_KEY_UISupportedInterfaceOrientations_iPad = "UIInterfaceOrientationPortrait UIInterfaceOrientationPortraitUpsideDown UIInterfaceOrientationLandscapeLeft UIInterfaceOrientationLandscapeRight";
				INFOPLIST_KEY_UISupportedInterfaceOrientations_iPhone = "UIInterfaceOrientationPortrait UIInterfaceOrientationLandscapeLeft UIInterfaceOrientationLandscapeRight";
				LD_RUNPATH_SEARCH_PATHS = (
					"$(inherited)",
					"@executable_path/Frameworks",
				);
				MARKETING_VERSION = 1.0;
				PRODUCT_BUNDLE_IDENTIFIER = com.Ceiba.TestCeiba;
				PRODUCT_NAME = "$(TARGET_NAME)";
				PROVISIONING_PROFILE_SPECIFIER = "";
				SWIFT_EMIT_LOC_STRINGS = YES;
				SWIFT_VERSION = 5.0;
				TARGETED_DEVICE_FAMILY = "1,2";
			};
			name = Release;
		};
/* End XCBuildConfiguration section */

/* Begin XCConfigurationList section */
		EC81999228B4626400FD5791 /* Build configuration list for PBXProject "TestCeiba" */ = {
			isa = XCConfigurationList;
			buildConfigurations = (
				EC8199AC28B4626500FD5791 /* Debug */,
				EC8199AD28B4626500FD5791 /* Release */,
			);
			defaultConfigurationIsVisible = 0;
			defaultConfigurationName = Release;
		};
		EC8199AE28B4626500FD5791 /* Build configuration list for PBXNativeTarget "TestCeiba" */ = {
			isa = XCConfigurationList;
			buildConfigurations = (
				EC8199AF28B4626500FD5791 /* Debug */,
				EC8199B028B4626500FD5791 /* Release */,
			);
			defaultConfigurationIsVisible = 0;
			defaultConfigurationName = Release;
		};
/* End XCConfigurationList section */

/* Begin XCRemoteSwiftPackageReference section */
		EC8199BE28B47F2200FD5791 /* XCRemoteSwiftPackageReference "Alamofire" */ = {
			isa = XCRemoteSwiftPackageReference;
			repositoryURL = "https://github.com/Alamofire/Alamofire";
			requirement = {
				kind = upToNextMinorVersion;
				minimumVersion = 5.6.0;
			};
		};
		EC8199CF28B5160200FD5791 /* XCRemoteSwiftPackageReference "ObjectMapper" */ = {
			isa = XCRemoteSwiftPackageReference;
			repositoryURL = "https://github.com/tristanhimmelman/ObjectMapper";
			requirement = {
				kind = upToNextMinorVersion;
				minimumVersion = 4.2.0;
			};
		};
		EC8199F728B532CE00FD5791 /* XCRemoteSwiftPackageReference "lottie-ios" */ = {
			isa = XCRemoteSwiftPackageReference;
			repositoryURL = "https://github.com/airbnb/lottie-ios";
			requirement = {
				kind = upToNextMinorVersion;
				minimumVersion = 3.4.0;
			};
		};
/* End XCRemoteSwiftPackageReference section */

/* Begin XCSwiftPackageProductDependency section */
		EC8199BF28B47F2200FD5791 /* Alamofire */ = {
			isa = XCSwiftPackageProductDependency;
			package = EC8199BE28B47F2200FD5791 /* XCRemoteSwiftPackageReference "Alamofire" */;
			productName = Alamofire;
		};
		EC8199D028B5160200FD5791 /* ObjectMapper */ = {
			isa = XCSwiftPackageProductDependency;
			package = EC8199CF28B5160200FD5791 /* XCRemoteSwiftPackageReference "ObjectMapper" */;
			productName = ObjectMapper;
		};
		EC8199F828B532CE00FD5791 /* Lottie */ = {
			isa = XCSwiftPackageProductDependency;
			package = EC8199F728B532CE00FD5791 /* XCRemoteSwiftPackageReference "lottie-ios" */;
			productName = Lottie;
		};
/* End XCSwiftPackageProductDependency section */

/* Begin XCVersionGroup section */
		EC8199A328B4626400FD5791 /* TestCeiba.xcdatamodeld */ = {
			isa = XCVersionGroup;
			children = (
				EC8199A428B4626400FD5791 /* TestCeiba.xcdatamodel */,
			);
			currentVersion = EC8199A428B4626400FD5791 /* TestCeiba.xcdatamodel */;
			path = TestCeiba.xcdatamodeld;
			sourceTree = "<group>";
			versionGroupType = wrapper.xcdatamodel;
		};
/* End XCVersionGroup section */
	};
	rootObject = EC81998F28B4626400FD5791 /* Project object */;
}
